
Microsoft Visual Studio Solution File, Format Version 12.00
# Visual Studio Version 17
VisualStudioVersion = 17.4.33403.182
MinimumVisualStudioVersion = 10.0.40219.1
Project("{FAE04EC0-301F-11D3-BF4B-00C04F79EFBC}") = "2_26_CollectionDeleteElement", "2_26_CollectionDeleteElement\2_26_CollectionDeleteElement.csproj", "{BF95E172-960E-4EEC-8E08-C715237F8966}"
EndProject
Global
	GlobalSection(SolutionConfigurationPlatforms) = preSolution
		Debug|Any CPU = Debug|Any CPU
		Release|Any CPU = Release|Any CPU
	EndGlobalSection
	GlobalSection(ProjectConfigurationPlatforms) = postSolution
		{BF95E172-960E-4EEC-8E08-C715237F8966}.Debug|Any CPU.ActiveCfg = Debug|Any CPU
		{BF95E172-960E-4EEC-8E08-C715237F8966}.Debug|Any CPU.Build.0 = Debug|Any CPU
		{BF95E172-960E-4EEC-8E08-C715237F8966}.Release|Any CPU.ActiveCfg = Release|Any CPU
		{BF95E172-960E-4EEC-8E08-C715237F8966}.Release|Any CPU.Build.0 = Release|Any CPU
	EndGlobalSection
	GlobalSection(SolutionProperties) = preSolution
		HideSolutionNode = FALSE
	EndGlobalSection
	GlobalSection(ExtensibilityGlobals) = postSolution
		SolutionGuid = {57D705CE-6439-40CA-BF55-8FD5E56C11A0}
	EndGlobalSection
EndGlobal
