
Microsoft Visual Studio Solution File, Format Version 12.00
# Visual Studio Version 17
VisualStudioVersion = 17.4.33103.184
MinimumVisualStudioVersion = 10.0.40219.1
Project("{FAE04EC0-301F-11D3-BF4B-00C04F79EFBC}") = "1_16_ArrayToSet", "1_16_ArrayToSet.csproj", "{8D5212C5-15B4-44F1-AE8D-FA2459672568}"
EndProject
Global
	GlobalSection(SolutionConfigurationPlatforms) = preSolution
		Debug|Any CPU = Debug|Any CPU
		Release|Any CPU = Release|Any CPU
	EndGlobalSection
	GlobalSection(ProjectConfigurationPlatforms) = postSolution
		{8D5212C5-15B4-44F1-AE8D-FA2459672568}.Debug|Any CPU.ActiveCfg = Debug|Any CPU
		{8D5212C5-15B4-44F1-AE8D-FA2459672568}.Debug|Any CPU.Build.0 = Debug|Any CPU
		{8D5212C5-15B4-44F1-AE8D-FA2459672568}.Release|Any CPU.ActiveCfg = Release|Any CPU
		{8D5212C5-15B4-44F1-AE8D-FA2459672568}.Release|Any CPU.Build.0 = Release|Any CPU
	EndGlobalSection
	GlobalSection(SolutionProperties) = preSolution
		HideSolutionNode = FALSE
	EndGlobalSection
	GlobalSection(ExtensibilityGlobals) = postSolution
		SolutionGuid = {957815DD-852D-465B-BC71-85FC7E2FD16E}
	EndGlobalSection
EndGlobal
