
Microsoft Visual Studio Solution File, Format Version 12.00
# Visual Studio Version 17
VisualStudioVersion = 17.4.33103.184
MinimumVisualStudioVersion = 10.0.40219.1
Project("{FAE04EC0-301F-11D3-BF4B-00C04F79EFBC}") = "1_7_Interface_SquareCircle", "1_7_Interface_SquareCircle.csproj", "{FE985E07-76B8-421D-B3EA-7455F88A2053}"
EndProject
Global
	GlobalSection(SolutionConfigurationPlatforms) = preSolution
		Debug|Any CPU = Debug|Any CPU
		Release|Any CPU = Release|Any CPU
	EndGlobalSection
	GlobalSection(ProjectConfigurationPlatforms) = postSolution
		{FE985E07-76B8-421D-B3EA-7455F88A2053}.Debug|Any CPU.ActiveCfg = Debug|Any CPU
		{FE985E07-76B8-421D-B3EA-7455F88A2053}.Debug|Any CPU.Build.0 = Debug|Any CPU
		{FE985E07-76B8-421D-B3EA-7455F88A2053}.Release|Any CPU.ActiveCfg = Release|Any CPU
		{FE985E07-76B8-421D-B3EA-7455F88A2053}.Release|Any CPU.Build.0 = Release|Any CPU
	EndGlobalSection
	GlobalSection(SolutionProperties) = preSolution
		HideSolutionNode = FALSE
	EndGlobalSection
	GlobalSection(ExtensibilityGlobals) = postSolution
		SolutionGuid = {8B035E0A-4B2A-464B-921D-FC50D61EE830}
	EndGlobalSection
EndGlobal
