
Microsoft Visual Studio Solution File, Format Version 12.00
# Visual Studio Version 17
VisualStudioVersion = 17.4.33403.182
MinimumVisualStudioVersion = 10.0.40219.1
Project("{FAE04EC0-301F-11D3-BF4B-00C04F79EFBC}") = "2_27_DefinitionOfArray", "2_27_DefinitionOfArray\2_27_DefinitionOfArray.csproj", "{4A32B88F-B15F-46D4-91D6-67A18860C178}"
EndProject
Global
	GlobalSection(SolutionConfigurationPlatforms) = preSolution
		Debug|Any CPU = Debug|Any CPU
		Release|Any CPU = Release|Any CPU
	EndGlobalSection
	GlobalSection(ProjectConfigurationPlatforms) = postSolution
		{4A32B88F-B15F-46D4-91D6-67A18860C178}.Debug|Any CPU.ActiveCfg = Debug|Any CPU
		{4A32B88F-B15F-46D4-91D6-67A18860C178}.Debug|Any CPU.Build.0 = Debug|Any CPU
		{4A32B88F-B15F-46D4-91D6-67A18860C178}.Release|Any CPU.ActiveCfg = Release|Any CPU
		{4A32B88F-B15F-46D4-91D6-67A18860C178}.Release|Any CPU.Build.0 = Release|Any CPU
	EndGlobalSection
	GlobalSection(SolutionProperties) = preSolution
		HideSolutionNode = FALSE
	EndGlobalSection
	GlobalSection(ExtensibilityGlobals) = postSolution
		SolutionGuid = {C67611EB-16EE-4534-A54F-647271FC3D69}
	EndGlobalSection
EndGlobal
