
Microsoft Visual Studio Solution File, Format Version 12.00
# Visual Studio Version 17
VisualStudioVersion = 17.4.33103.184
MinimumVisualStudioVersion = 10.0.40219.1
Project("{FAE04EC0-301F-11D3-BF4B-00C04F79EFBC}") = "1_5_Fibonacci_Gregory_Stratum", "1_5_Fibonacci_Gregory_Stratum.csproj", "{C8657C91-B4B4-4464-9363-AF181DAD56C7}"
EndProject
Global
	GlobalSection(SolutionConfigurationPlatforms) = preSolution
		Debug|Any CPU = Debug|Any CPU
		Release|Any CPU = Release|Any CPU
	EndGlobalSection
	GlobalSection(ProjectConfigurationPlatforms) = postSolution
		{C8657C91-B4B4-4464-9363-AF181DAD56C7}.Debug|Any CPU.ActiveCfg = Debug|Any CPU
		{C8657C91-B4B4-4464-9363-AF181DAD56C7}.Debug|Any CPU.Build.0 = Debug|Any CPU
		{C8657C91-B4B4-4464-9363-AF181DAD56C7}.Release|Any CPU.ActiveCfg = Release|Any CPU
		{C8657C91-B4B4-4464-9363-AF181DAD56C7}.Release|Any CPU.Build.0 = Release|Any CPU
	EndGlobalSection
	GlobalSection(SolutionProperties) = preSolution
		HideSolutionNode = FALSE
	EndGlobalSection
	GlobalSection(ExtensibilityGlobals) = postSolution
		SolutionGuid = {EC6AED7D-28B6-447D-8B9C-28A6C58E6443}
	EndGlobalSection
EndGlobal
