
Microsoft Visual Studio Solution File, Format Version 12.00
# Visual Studio Version 17
VisualStudioVersion = 17.4.33403.182
MinimumVisualStudioVersion = 10.0.40219.1
Project("{FAE04EC0-301F-11D3-BF4B-00C04F79EFBC}") = "2_19_FreeFall", "2_19_FreeFall\2_19_FreeFall.csproj", "{6031A01D-83EB-47BA-961F-030F2AC989C3}"
EndProject
Global
	GlobalSection(SolutionConfigurationPlatforms) = preSolution
		Debug|Any CPU = Debug|Any CPU
		Release|Any CPU = Release|Any CPU
	EndGlobalSection
	GlobalSection(ProjectConfigurationPlatforms) = postSolution
		{6031A01D-83EB-47BA-961F-030F2AC989C3}.Debug|Any CPU.ActiveCfg = Debug|Any CPU
		{6031A01D-83EB-47BA-961F-030F2AC989C3}.Debug|Any CPU.Build.0 = Debug|Any CPU
		{6031A01D-83EB-47BA-961F-030F2AC989C3}.Release|Any CPU.ActiveCfg = Release|Any CPU
		{6031A01D-83EB-47BA-961F-030F2AC989C3}.Release|Any CPU.Build.0 = Release|Any CPU
	EndGlobalSection
	GlobalSection(SolutionProperties) = preSolution
		HideSolutionNode = FALSE
	EndGlobalSection
	GlobalSection(ExtensibilityGlobals) = postSolution
		SolutionGuid = {583054B0-52F8-4BE2-B5E3-0FC73AF01A6C}
	EndGlobalSection
EndGlobal
