
Microsoft Visual Studio Solution File, Format Version 12.00
# Visual Studio Version 17
VisualStudioVersion = 17.4.33103.184
MinimumVisualStudioVersion = 10.0.40219.1
Project("{FAE04EC0-301F-11D3-BF4B-00C04F79EFBC}") = "2_12_SplitMethod", "2_12_SplitMethod.csproj", "{525C85FF-C468-42B1-AEBD-90004D4E2BBE}"
EndProject
Global
	GlobalSection(SolutionConfigurationPlatforms) = preSolution
		Debug|Any CPU = Debug|Any CPU
		Release|Any CPU = Release|Any CPU
	EndGlobalSection
	GlobalSection(ProjectConfigurationPlatforms) = postSolution
		{525C85FF-C468-42B1-AEBD-90004D4E2BBE}.Debug|Any CPU.ActiveCfg = Debug|Any CPU
		{525C85FF-C468-42B1-AEBD-90004D4E2BBE}.Debug|Any CPU.Build.0 = Debug|Any CPU
		{525C85FF-C468-42B1-AEBD-90004D4E2BBE}.Release|Any CPU.ActiveCfg = Release|Any CPU
		{525C85FF-C468-42B1-AEBD-90004D4E2BBE}.Release|Any CPU.Build.0 = Release|Any CPU
	EndGlobalSection
	GlobalSection(SolutionProperties) = preSolution
		HideSolutionNode = FALSE
	EndGlobalSection
	GlobalSection(ExtensibilityGlobals) = postSolution
		SolutionGuid = {3542707F-C8C4-4E99-9A64-CD714F8631A2}
	EndGlobalSection
EndGlobal
