
Microsoft Visual Studio Solution File, Format Version 12.00
# Visual Studio Version 17
VisualStudioVersion = 17.4.33103.184
MinimumVisualStudioVersion = 10.0.40219.1
Project("{FAE04EC0-301F-11D3-BF4B-00C04F79EFBC}") = "1_21_Substring", "1_21_Substring.csproj", "{8508B6B4-0A23-4D3F-908F-D96DFE401961}"
EndProject
Global
	GlobalSection(SolutionConfigurationPlatforms) = preSolution
		Debug|Any CPU = Debug|Any CPU
		Release|Any CPU = Release|Any CPU
	EndGlobalSection
	GlobalSection(ProjectConfigurationPlatforms) = postSolution
		{8508B6B4-0A23-4D3F-908F-D96DFE401961}.Debug|Any CPU.ActiveCfg = Debug|Any CPU
		{8508B6B4-0A23-4D3F-908F-D96DFE401961}.Debug|Any CPU.Build.0 = Debug|Any CPU
		{8508B6B4-0A23-4D3F-908F-D96DFE401961}.Release|Any CPU.ActiveCfg = Release|Any CPU
		{8508B6B4-0A23-4D3F-908F-D96DFE401961}.Release|Any CPU.Build.0 = Release|Any CPU
	EndGlobalSection
	GlobalSection(SolutionProperties) = preSolution
		HideSolutionNode = FALSE
	EndGlobalSection
	GlobalSection(ExtensibilityGlobals) = postSolution
		SolutionGuid = {DB87B531-ADE5-4CD5-8DA1-7CD9739F97A9}
	EndGlobalSection
EndGlobal
